
Microsoft Visual Studio Solution File, Format Version 12.00
# Visual Studio Version 17
VisualStudioVersion = 17.10.35122.118
MinimumVisualStudioVersion = 10.0.40219.1
Project("{FAE04EC0-301F-11D3-BF4B-00C04F79EFBC}") = "Api", "src\Api\Api.csproj", "{DC7E71F4-88CA-49DB-82B3-99D5C4752334}"
EndProject
Global
	GlobalSection(SolutionConfigurationPlatforms) = preSolution
		Debug|Any CPU = Debug|Any CPU
		Release|Any CPU = Release|Any CPU
	EndGlobalSection
	GlobalSection(ProjectConfigurationPlatforms) = postSolution
		{DC7E71F4-88CA-49DB-82B3-99D5C4752334}.Debug|Any CPU.ActiveCfg = Debug|Any CPU
		{DC7E71F4-88CA-49DB-82B3-99D5C4752334}.Debug|Any CPU.Build.0 = Debug|Any CPU
		{DC7E71F4-88CA-49DB-82B3-99D5C4752334}.Release|Any CPU.ActiveCfg = Release|Any CPU
		{DC7E71F4-88CA-49DB-82B3-99D5C4752334}.Release|Any CPU.Build.0 = Release|Any CPU
	EndGlobalSection
	GlobalSection(SolutionProperties) = preSolution
		HideSolutionNode = FALSE
	EndGlobalSection
	GlobalSection(ExtensibilityGlobals) = postSolution
		SolutionGuid = {4FC1F9C3-4108-4FBF-AC07-67D5A4712419}
	EndGlobalSection
EndGlobal
